
Microsoft Visual Studio Solution File, Format Version 12.00
# Visual Studio Version 17
VisualStudioVersion = 17.9.34511.98
MinimumVisualStudioVersion = 10.0.40219.1
Project("{FAE04EC0-301F-11D3-BF4B-00C04F79EFBC}") = "MultiAPI_lib-framework", "MultiAPI_lib-framework\MultiAPI_lib-framework.csproj", "{F6902BEE-F516-4888-849A-5FD96960CAC1}"
EndProject
Project("{FAE04EC0-301F-11D3-BF4B-00C04F79EFBC}") = "MultiAPI_tester-framework", "MultiAPI_tester-framework\MultiAPI_tester-framework.csproj", "{C713803B-4451-47E0-9DB4-0CB33DB6B3B3}"
EndProject
Project("{FAE04EC0-301F-11D3-BF4B-00C04F79EFBC}") = "MultiAPI_Terminal", "MultiAPI_Terminal\MultiAPI_Terminal.csproj", "{47EBD433-C675-42BF-87A6-D43DECF808B8}"
EndProject
Global
	GlobalSection(SolutionConfigurationPlatforms) = preSolution
		Debug|Any CPU = Debug|Any CPU
		Debug|ARM64 = Debug|ARM64
		Debug|x64 = Debug|x64
		Debug|x86 = Debug|x86
		Release|Any CPU = Release|Any CPU
		Release|ARM64 = Release|ARM64
		Release|x64 = Release|x64
		Release|x86 = Release|x86
	EndGlobalSection
	GlobalSection(ProjectConfigurationPlatforms) = postSolution
		{F6902BEE-F516-4888-849A-5FD96960CAC1}.Debug|Any CPU.ActiveCfg = Release_x64|Any CPU
		{F6902BEE-F516-4888-849A-5FD96960CAC1}.Debug|Any CPU.Build.0 = Release_x64|Any CPU
		{F6902BEE-F516-4888-849A-5FD96960CAC1}.Debug|ARM64.ActiveCfg = Release_x64|ARM64
		{F6902BEE-F516-4888-849A-5FD96960CAC1}.Debug|x64.ActiveCfg = Release_x64|x64
		{F6902BEE-F516-4888-849A-5FD96960CAC1}.Debug|x64.Build.0 = Release_x64|x64
		{F6902BEE-F516-4888-849A-5FD96960CAC1}.Debug|x86.ActiveCfg = Release_x64|x86
		{F6902BEE-F516-4888-849A-5FD96960CAC1}.Debug|x86.Build.0 = Release_x64|x86
		{F6902BEE-F516-4888-849A-5FD96960CAC1}.Release|Any CPU.ActiveCfg = Release|Any CPU
		{F6902BEE-F516-4888-849A-5FD96960CAC1}.Release|Any CPU.Build.0 = Release|Any CPU
		{F6902BEE-F516-4888-849A-5FD96960CAC1}.Release|ARM64.ActiveCfg = Release|ARM64
		{F6902BEE-F516-4888-849A-5FD96960CAC1}.Release|x64.ActiveCfg = Release|x64
		{F6902BEE-F516-4888-849A-5FD96960CAC1}.Release|x64.Build.0 = Release|x64
		{F6902BEE-F516-4888-849A-5FD96960CAC1}.Release|x86.ActiveCfg = Release|x86
		{F6902BEE-F516-4888-849A-5FD96960CAC1}.Release|x86.Build.0 = Release|x86
		{C713803B-4451-47E0-9DB4-0CB33DB6B3B3}.Debug|Any CPU.ActiveCfg = Debug|Any CPU
		{C713803B-4451-47E0-9DB4-0CB33DB6B3B3}.Debug|Any CPU.Build.0 = Debug|Any CPU
		{C713803B-4451-47E0-9DB4-0CB33DB6B3B3}.Debug|ARM64.ActiveCfg = Debug|Any CPU
		{C713803B-4451-47E0-9DB4-0CB33DB6B3B3}.Debug|ARM64.Build.0 = Debug|Any CPU
		{C713803B-4451-47E0-9DB4-0CB33DB6B3B3}.Debug|x64.ActiveCfg = Debug|Any CPU
		{C713803B-4451-47E0-9DB4-0CB33DB6B3B3}.Debug|x64.Build.0 = Debug|Any CPU
		{C713803B-4451-47E0-9DB4-0CB33DB6B3B3}.Debug|x86.ActiveCfg = Debug|Any CPU
		{C713803B-4451-47E0-9DB4-0CB33DB6B3B3}.Debug|x86.Build.0 = Debug|Any CPU
		{C713803B-4451-47E0-9DB4-0CB33DB6B3B3}.Release|Any CPU.ActiveCfg = Release|Any CPU
		{C713803B-4451-47E0-9DB4-0CB33DB6B3B3}.Release|Any CPU.Build.0 = Release|Any CPU
		{C713803B-4451-47E0-9DB4-0CB33DB6B3B3}.Release|ARM64.ActiveCfg = Release|Any CPU
		{C713803B-4451-47E0-9DB4-0CB33DB6B3B3}.Release|ARM64.Build.0 = Release|Any CPU
		{C713803B-4451-47E0-9DB4-0CB33DB6B3B3}.Release|x64.ActiveCfg = Release|Any CPU
		{C713803B-4451-47E0-9DB4-0CB33DB6B3B3}.Release|x64.Build.0 = Release|Any CPU
		{C713803B-4451-47E0-9DB4-0CB33DB6B3B3}.Release|x86.ActiveCfg = Release|Any CPU
		{C713803B-4451-47E0-9DB4-0CB33DB6B3B3}.Release|x86.Build.0 = Release|Any CPU
		{47EBD433-C675-42BF-87A6-D43DECF808B8}.Debug|Any CPU.ActiveCfg = Debug|Any CPU
		{47EBD433-C675-42BF-87A6-D43DECF808B8}.Debug|Any CPU.Build.0 = Debug|Any CPU
		{47EBD433-C675-42BF-87A6-D43DECF808B8}.Debug|ARM64.ActiveCfg = Debug|Any CPU
		{47EBD433-C675-42BF-87A6-D43DECF808B8}.Debug|ARM64.Build.0 = Debug|Any CPU
		{47EBD433-C675-42BF-87A6-D43DECF808B8}.Debug|x64.ActiveCfg = Debug|Any CPU
		{47EBD433-C675-42BF-87A6-D43DECF808B8}.Debug|x64.Build.0 = Debug|Any CPU
		{47EBD433-C675-42BF-87A6-D43DECF808B8}.Debug|x86.ActiveCfg = Debug|Any CPU
		{47EBD433-C675-42BF-87A6-D43DECF808B8}.Debug|x86.Build.0 = Debug|Any CPU
		{47EBD433-C675-42BF-87A6-D43DECF808B8}.Release|Any CPU.ActiveCfg = Release|Any CPU
		{47EBD433-C675-42BF-87A6-D43DECF808B8}.Release|Any CPU.Build.0 = Release|Any CPU
		{47EBD433-C675-42BF-87A6-D43DECF808B8}.Release|ARM64.ActiveCfg = Release|Any CPU
		{47EBD433-C675-42BF-87A6-D43DECF808B8}.Release|ARM64.Build.0 = Release|Any CPU
		{47EBD433-C675-42BF-87A6-D43DECF808B8}.Release|x64.ActiveCfg = Release|Any CPU
		{47EBD433-C675-42BF-87A6-D43DECF808B8}.Release|x64.Build.0 = Release|Any CPU
		{47EBD433-C675-42BF-87A6-D43DECF808B8}.Release|x86.ActiveCfg = Release|Any CPU
		{47EBD433-C675-42BF-87A6-D43DECF808B8}.Release|x86.Build.0 = Release|Any CPU
	EndGlobalSection
	GlobalSection(SolutionProperties) = preSolution
		HideSolutionNode = FALSE
	EndGlobalSection
	GlobalSection(ExtensibilityGlobals) = postSolution
		SolutionGuid = {F72BFF82-37BC-4EAD-95D7-6B71CB05B0FF}
	EndGlobalSection
EndGlobal
