
Microsoft Visual Studio Solution File, Format Version 12.00
# Visual Studio Version 17
VisualStudioVersion = 17.9.34511.98
MinimumVisualStudioVersion = 10.0.40219.1
Project("{FAE04EC0-301F-11D3-BF4B-00C04F79EFBC}") = "MultiAPI_lib-framework", "MultiAPI_lib-framework\MultiAPI_lib-framework.csproj", "{F6902BEE-F516-4888-849A-5FD96960CAC1}"
EndProject
Project("{FAE04EC0-301F-11D3-BF4B-00C04F79EFBC}") = "MultiAPI_Lib", "MultiAPI_Lib\MultiAPI_Lib.csproj", "{8ED7E6E3-9059-462E-B8CE-6A7C75B6182C}"
EndProject
Project("{FAE04EC0-301F-11D3-BF4B-00C04F79EFBC}") = "TestProj", "TestProj\TestProj.csproj", "{6FC26DD1-5C7D-41FD-8101-F0A2035593AD}"
EndProject
Global
	GlobalSection(SolutionConfigurationPlatforms) = preSolution
		Debug|Any CPU = Debug|Any CPU
		Debug|ARM64 = Debug|ARM64
		Debug|x64 = Debug|x64
		Debug|x86 = Debug|x86
		Release|Any CPU = Release|Any CPU
		Release|ARM64 = Release|ARM64
		Release|x64 = Release|x64
		Release|x86 = Release|x86
	EndGlobalSection
	GlobalSection(ProjectConfigurationPlatforms) = postSolution
		{F6902BEE-F516-4888-849A-5FD96960CAC1}.Debug|Any CPU.ActiveCfg = Release_x64|Any CPU
		{F6902BEE-F516-4888-849A-5FD96960CAC1}.Debug|Any CPU.Build.0 = Release_x64|Any CPU
		{F6902BEE-F516-4888-849A-5FD96960CAC1}.Debug|ARM64.ActiveCfg = Release_x64|ARM64
		{F6902BEE-F516-4888-849A-5FD96960CAC1}.Debug|x64.ActiveCfg = Release_x64|x64
		{F6902BEE-F516-4888-849A-5FD96960CAC1}.Debug|x64.Build.0 = Release_x64|x64
		{F6902BEE-F516-4888-849A-5FD96960CAC1}.Debug|x86.ActiveCfg = Release_x64|x86
		{F6902BEE-F516-4888-849A-5FD96960CAC1}.Debug|x86.Build.0 = Release_x64|x86
		{F6902BEE-F516-4888-849A-5FD96960CAC1}.Release|Any CPU.ActiveCfg = Release|Any CPU
		{F6902BEE-F516-4888-849A-5FD96960CAC1}.Release|Any CPU.Build.0 = Release|Any CPU
		{F6902BEE-F516-4888-849A-5FD96960CAC1}.Release|ARM64.ActiveCfg = Release|ARM64
		{F6902BEE-F516-4888-849A-5FD96960CAC1}.Release|x64.ActiveCfg = Release|x64
		{F6902BEE-F516-4888-849A-5FD96960CAC1}.Release|x64.Build.0 = Release|x64
		{F6902BEE-F516-4888-849A-5FD96960CAC1}.Release|x86.ActiveCfg = Release|x86
		{F6902BEE-F516-4888-849A-5FD96960CAC1}.Release|x86.Build.0 = Release|x86
		{8ED7E6E3-9059-462E-B8CE-6A7C75B6182C}.Debug|Any CPU.ActiveCfg = Debug|Any CPU
		{8ED7E6E3-9059-462E-B8CE-6A7C75B6182C}.Debug|Any CPU.Build.0 = Debug|Any CPU
		{8ED7E6E3-9059-462E-B8CE-6A7C75B6182C}.Debug|ARM64.ActiveCfg = Debug|Any CPU
		{8ED7E6E3-9059-462E-B8CE-6A7C75B6182C}.Debug|ARM64.Build.0 = Debug|Any CPU
		{8ED7E6E3-9059-462E-B8CE-6A7C75B6182C}.Debug|x64.ActiveCfg = Debug|Any CPU
		{8ED7E6E3-9059-462E-B8CE-6A7C75B6182C}.Debug|x64.Build.0 = Debug|Any CPU
		{8ED7E6E3-9059-462E-B8CE-6A7C75B6182C}.Debug|x86.ActiveCfg = Debug|Any CPU
		{8ED7E6E3-9059-462E-B8CE-6A7C75B6182C}.Debug|x86.Build.0 = Debug|Any CPU
		{8ED7E6E3-9059-462E-B8CE-6A7C75B6182C}.Release|Any CPU.ActiveCfg = Release|Any CPU
		{8ED7E6E3-9059-462E-B8CE-6A7C75B6182C}.Release|Any CPU.Build.0 = Release|Any CPU
		{8ED7E6E3-9059-462E-B8CE-6A7C75B6182C}.Release|ARM64.ActiveCfg = Release|Any CPU
		{8ED7E6E3-9059-462E-B8CE-6A7C75B6182C}.Release|ARM64.Build.0 = Release|Any CPU
		{8ED7E6E3-9059-462E-B8CE-6A7C75B6182C}.Release|x64.ActiveCfg = Release|Any CPU
		{8ED7E6E3-9059-462E-B8CE-6A7C75B6182C}.Release|x64.Build.0 = Release|Any CPU
		{8ED7E6E3-9059-462E-B8CE-6A7C75B6182C}.Release|x86.ActiveCfg = Release|Any CPU
		{8ED7E6E3-9059-462E-B8CE-6A7C75B6182C}.Release|x86.Build.0 = Release|Any CPU
		{6FC26DD1-5C7D-41FD-8101-F0A2035593AD}.Debug|Any CPU.ActiveCfg = Debug|Any CPU
		{6FC26DD1-5C7D-41FD-8101-F0A2035593AD}.Debug|Any CPU.Build.0 = Debug|Any CPU
		{6FC26DD1-5C7D-41FD-8101-F0A2035593AD}.Debug|ARM64.ActiveCfg = Debug|Any CPU
		{6FC26DD1-5C7D-41FD-8101-F0A2035593AD}.Debug|ARM64.Build.0 = Debug|Any CPU
		{6FC26DD1-5C7D-41FD-8101-F0A2035593AD}.Debug|x64.ActiveCfg = Debug|Any CPU
		{6FC26DD1-5C7D-41FD-8101-F0A2035593AD}.Debug|x64.Build.0 = Debug|Any CPU
		{6FC26DD1-5C7D-41FD-8101-F0A2035593AD}.Debug|x86.ActiveCfg = Debug|Any CPU
		{6FC26DD1-5C7D-41FD-8101-F0A2035593AD}.Debug|x86.Build.0 = Debug|Any CPU
		{6FC26DD1-5C7D-41FD-8101-F0A2035593AD}.Release|Any CPU.ActiveCfg = Release|Any CPU
		{6FC26DD1-5C7D-41FD-8101-F0A2035593AD}.Release|Any CPU.Build.0 = Release|Any CPU
		{6FC26DD1-5C7D-41FD-8101-F0A2035593AD}.Release|ARM64.ActiveCfg = Release|Any CPU
		{6FC26DD1-5C7D-41FD-8101-F0A2035593AD}.Release|ARM64.Build.0 = Release|Any CPU
		{6FC26DD1-5C7D-41FD-8101-F0A2035593AD}.Release|x64.ActiveCfg = Release|Any CPU
		{6FC26DD1-5C7D-41FD-8101-F0A2035593AD}.Release|x64.Build.0 = Release|Any CPU
		{6FC26DD1-5C7D-41FD-8101-F0A2035593AD}.Release|x86.ActiveCfg = Release|Any CPU
		{6FC26DD1-5C7D-41FD-8101-F0A2035593AD}.Release|x86.Build.0 = Release|Any CPU
	EndGlobalSection
	GlobalSection(SolutionProperties) = preSolution
		HideSolutionNode = FALSE
	EndGlobalSection
	GlobalSection(ExtensibilityGlobals) = postSolution
		SolutionGuid = {F72BFF82-37BC-4EAD-95D7-6B71CB05B0FF}
	EndGlobalSection
EndGlobal
